Microsoft Visual Studio Solution File, Format Version 12.00
# Visual Studio Version 16
VisualStudioVersion = 16.0.31205.134
MinimumVisualStudioVersion = 10.0.40219.1
Project("{FAE04EC0-301F-11D3-BF4B-00C04F79EFBC}") = "News.Android", "News.Android\News.Android.csproj", "{636916DB-BB83-4961-B0BE-8150BB50D34B}"
EndProject
Project("{FAE04EC0-301F-11D3-BF4B-00C04F79EFBC}") = "News.iOS", "News.iOS\News.iOS.csproj", "{49EF89E5-3A0D-48AC-8B1F-F4EBC8BB5AC5}"
EndProject
Project("{9A19103F-16F7-4668-BE54-9A1E7A4F7556}") = "News", "News\News.csproj", "{32CE36C8-E314-4106-9D2A-D15F7B40ED76}"
EndProject
Project("{FAE04EC0-301F-11D3-BF4B-00C04F79EFBC}") = "News.UWP", "News.UWP\News.UWP.csproj", "{A3C25E4A-EAA1-4D01-B13E-0A71935E8F0A}"
EndProject
Global
	GlobalSection(SolutionConfigurationPlatforms) = preSolution
		Debug|Any CPU = Debug|Any CPU
		Debug|ARM = Debug|ARM
		Debug|ARM64 = Debug|ARM64
		Debug|iPhone = Debug|iPhone
		Debug|iPhoneSimulator = Debug|iPhoneSimulator
		Debug|x64 = Debug|x64
		Debug|x86 = Debug|x86
		Release|Any CPU = Release|Any CPU
		Release|ARM = Release|ARM
		Release|ARM64 = Release|ARM64
		Release|iPhone = Release|iPhone
		Release|iPhoneSimulator = Release|iPhoneSimulator
		Release|x64 = Release|x64
		Release|x86 = Release|x86
	EndGlobalSection
	GlobalSection(ProjectConfigurationPlatforms) = postSolution
		{636916DB-BB83-4961-B0BE-8150BB50D34B}.Debug|Any CPU.ActiveCfg = Debug|Any CPU
		{636916DB-BB83-4961-B0BE-8150BB50D34B}.Debug|Any CPU.Build.0 = Debug|Any CPU
		{636916DB-BB83-4961-B0BE-8150BB50D34B}.Debug|Any CPU.Deploy.0 = Debug|Any CPU
		{636916DB-BB83-4961-B0BE-8150BB50D34B}.Debug|ARM.ActiveCfg = Debug|Any CPU
		{636916DB-BB83-4961-B0BE-8150BB50D34B}.Debug|ARM.Build.0 = Debug|Any CPU
		{636916DB-BB83-4961-B0BE-8150BB50D34B}.Debug|ARM.Deploy.0 = Debug|Any CPU
		{636916DB-BB83-4961-B0BE-8150BB50D34B}.Debug|ARM64.ActiveCfg = Debug|Any CPU
		{636916DB-BB83-4961-B0BE-8150BB50D34B}.Debug|ARM64.Build.0 = Debug|Any CPU
		{636916DB-BB83-4961-B0BE-8150BB50D34B}.Debug|ARM64.Deploy.0 = Debug|Any CPU
		{636916DB-BB83-4961-B0BE-8150BB50D34B}.Debug|iPhone.ActiveCfg = Debug|Any CPU
		{636916DB-BB83-4961-B0BE-8150BB50D34B}.Debug|iPhone.Build.0 = Debug|Any CPU
		{636916DB-BB83-4961-B0BE-8150BB50D34B}.Debug|iPhoneSimulator.ActiveCfg = Debug|Any CPU
		{636916DB-BB83-4961-B0BE-8150BB50D34B}.Debug|iPhoneSimulator.Build.0 = Debug|Any CPU
		{636916DB-BB83-4961-B0BE-8150BB50D34B}.Debug|x64.ActiveCfg = Debug|Any CPU
		{636916DB-BB83-4961-B0BE-8150BB50D34B}.Debug|x64.Build.0 = Debug|Any CPU
		{636916DB-BB83-4961-B0BE-8150BB50D34B}.Debug|x64.Deploy.0 = Debug|Any CPU
		{636916DB-BB83-4961-B0BE-8150BB50D34B}.Debug|x86.ActiveCfg = Debug|Any CPU
		{636916DB-BB83-4961-B0BE-8150BB50D34B}.Debug|x86.Build.0 = Debug|Any CPU
		{636916DB-BB83-4961-B0BE-8150BB50D34B}.Debug|x86.Deploy.0 = Debug|Any CPU
		{636916DB-BB83-4961-B0BE-8150BB50D34B}.Release|Any CPU.ActiveCfg = Release|Any CPU
		{636916DB-BB83-4961-B0BE-8150BB50D34B}.Release|Any CPU.Build.0 = Release|Any CPU
		{636916DB-BB83-4961-B0BE-8150BB50D34B}.Release|ARM.ActiveCfg = Release|Any CPU
		{636916DB-BB83-4961-B0BE-8150BB50D34B}.Release|ARM.Build.0 = Release|Any CPU
		{636916DB-BB83-4961-B0BE-8150BB50D34B}.Release|ARM.Deploy.0 = Release|Any CPU
		{636916DB-BB83-4961-B0BE-8150BB50D34B}.Release|ARM64.ActiveCfg = Release|Any CPU
		{636916DB-BB83-4961-B0BE-8150BB50D34B}.Release|ARM64.Build.0 = Release|Any CPU
		{636916DB-BB83-4961-B0BE-8150BB50D34B}.Release|ARM64.Deploy.0 = Release|Any CPU
		{636916DB-BB83-4961-B0BE-8150BB50D34B}.Release|iPhone.ActiveCfg = Release|Any CPU
		{636916DB-BB83-4961-B0BE-8150BB50D34B}.Release|iPhone.Build.0 = Release|Any CPU
		{636916DB-BB83-4961-B0BE-8150BB50D34B}.Release|iPhoneSimulator.ActiveCfg = Release|Any CPU
		{636916DB-BB83-4961-B0BE-8150BB50D34B}.Release|iPhoneSimulator.Build.0 = Release|Any CPU
		{636916DB-BB83-4961-B0BE-8150BB50D34B}.Release|x64.ActiveCfg = Release|Any CPU
		{636916DB-BB83-4961-B0BE-8150BB50D34B}.Release|x64.Build.0 = Release|Any CPU
		{636916DB-BB83-4961-B0BE-8150BB50D34B}.Release|x64.Deploy.0 = Release|Any CPU
		{636916DB-BB83-4961-B0BE-8150BB50D34B}.Release|x86.ActiveCfg = Release|Any CPU
		{636916DB-BB83-4961-B0BE-8150BB50D34B}.Release|x86.Build.0 = Release|Any CPU
		{636916DB-BB83-4961-B0BE-8150BB50D34B}.Release|x86.Deploy.0 = Release|Any CPU
		{49EF89E5-3A0D-48AC-8B1F-F4EBC8BB5AC5}.Debug|Any CPU.ActiveCfg = Debug|iPhoneSimulator
		{49EF89E5-3A0D-48AC-8B1F-F4EBC8BB5AC5}.Debug|Any CPU.Build.0 = Debug|iPhoneSimulator
		{49EF89E5-3A0D-48AC-8B1F-F4EBC8BB5AC5}.Debug|ARM.ActiveCfg = Debug|iPhone
		{49EF89E5-3A0D-48AC-8B1F-F4EBC8BB5AC5}.Debug|ARM64.ActiveCfg = Debug|iPhone
		{49EF89E5-3A0D-48AC-8B1F-F4EBC8BB5AC5}.Debug|iPhone.ActiveCfg = Debug|iPhone
		{49EF89E5-3A0D-48AC-8B1F-F4EBC8BB5AC5}.Debug|iPhone.Build.0 = Debug|iPhone
		{49EF89E5-3A0D-48AC-8B1F-F4EBC8BB5AC5}.Debug|iPhoneSimulator.ActiveCfg = Debug|iPhoneSimulator
		{49EF89E5-3A0D-48AC-8B1F-F4EBC8BB5AC5}.Debug|iPhoneSimulator.Build.0 = Debug|iPhoneSimulator
		{49EF89E5-3A0D-48AC-8B1F-F4EBC8BB5AC5}.Debug|x64.ActiveCfg = Debug|iPhone
		{49EF89E5-3A0D-48AC-8B1F-F4EBC8BB5AC5}.Debug|x86.ActiveCfg = Debug|iPhone
		{49EF89E5-3A0D-48AC-8B1F-F4EBC8BB5AC5}.Release|Any CPU.ActiveCfg = Release|iPhoneSimulator
		{49EF89E5-3A0D-48AC-8B1F-F4EBC8BB5AC5}.Release|Any CPU.Build.0 = Release|iPhoneSimulator
		{49EF89E5-3A0D-48AC-8B1F-F4EBC8BB5AC5}.Release|ARM.ActiveCfg = Release|iPhone
		{49EF89E5-3A0D-48AC-8B1F-F4EBC8BB5AC5}.Release|ARM64.ActiveCfg = Release|iPhone
		{49EF89E5-3A0D-48AC-8B1F-F4EBC8BB5AC5}.Release|iPhone.ActiveCfg = Release|iPhone
		{49EF89E5-3A0D-48AC-8B1F-F4EBC8BB5AC5}.Release|iPhone.Build.0 = Release|iPhone
		{49EF89E5-3A0D-48AC-8B1F-F4EBC8BB5AC5}.Release|iPhoneSimulator.ActiveCfg = Release|iPhoneSimulator
		{49EF89E5-3A0D-48AC-8B1F-F4EBC8BB5AC5}.Release|iPhoneSimulator.Build.0 = Release|iPhoneSimulator
		{49EF89E5-3A0D-48AC-8B1F-F4EBC8BB5AC5}.Release|x64.ActiveCfg = Release|iPhone
		{49EF89E5-3A0D-48AC-8B1F-F4EBC8BB5AC5}.Release|x86.ActiveCfg = Release|iPhone
		{32CE36C8-E314-4106-9D2A-D15F7B40ED76}.Debug|Any CPU.ActiveCfg = Debug|Any CPU
		{32CE36C8-E314-4106-9D2A-D15F7B40ED76}.Debug|Any CPU.Build.0 = Debug|Any CPU
		{32CE36C8-E314-4106-9D2A-D15F7B40ED76}.Debug|ARM.ActiveCfg = Debug|Any CPU
		{32CE36C8-E314-4106-9D2A-D15F7B40ED76}.Debug|ARM.Build.0 = Debug|Any CPU
		{32CE36C8-E314-4106-9D2A-D15F7B40ED76}.Debug|ARM64.ActiveCfg = Debug|Any CPU
		{32CE36C8-E314-4106-9D2A-D15F7B40ED76}.Debug|ARM64.Build.0 = Debug|Any CPU
		{32CE36C8-E314-4106-9D2A-D15F7B40ED76}.Debug|iPhone.ActiveCfg = Debug|Any CPU
		{32CE36C8-E314-4106-9D2A-D15F7B40ED76}.Debug|iPhone.Build.0 = Debug|Any CPU
		{32CE36C8-E314-4106-9D2A-D15F7B40ED76}.Debug|iPhoneSimulator.ActiveCfg = Debug|Any CPU
		{32CE36C8-E314-4106-9D2A-D15F7B40ED76}.Debug|iPhoneSimulator.Build.0 = Debug|Any CPU
		{32CE36C8-E314-4106-9D2A-D15F7B40ED76}.Debug|x64.ActiveCfg = Debug|Any CPU
		{32CE36C8-E314-4106-9D2A-D15F7B40ED76}.Debug|x64.Build.0 = Debug|Any CPU
		{32CE36C8-E314-4106-9D2A-D15F7B40ED76}.Debug|x86.ActiveCfg = Debug|Any CPU
		{32CE36C8-E314-4106-9D2A-D15F7B40ED76}.Debug|x86.Build.0 = Debug|Any CPU
		{32CE36C8-E314-4106-9D2A-D15F7B40ED76}.Release|Any CPU.ActiveCfg = Release|Any CPU
		{32CE36C8-E314-4106-9D2A-D15F7B40ED76}.Release|Any CPU.Build.0 = Release|Any CPU
		{32CE36C8-E314-4106-9D2A-D15F7B40ED76}.Release|ARM.ActiveCfg = Release|Any CPU
		{32CE36C8-E314-4106-9D2A-D15F7B40ED76}.Release|ARM.Build.0 = Release|Any CPU
		{32CE36C8-E314-4106-9D2A-D15F7B40ED76}.Release|ARM64.ActiveCfg = Release|Any CPU
		{32CE36C8-E314-4106-9D2A-D15F7B40ED76}.Release|ARM64.Build.0 = Release|Any CPU
		{32CE36C8-E314-4106-9D2A-D15F7B40ED76}.Release|iPhone.ActiveCfg = Release|Any CPU
		{32CE36C8-E314-4106-9D2A-D15F7B40ED76}.Release|iPhone.Build.0 = Release|Any CPU
		{32CE36C8-E314-4106-9D2A-D15F7B40ED76}.Release|iPhoneSimulator.ActiveCfg = Release|Any CPU
		{32CE36C8-E314-4106-9D2A-D15F7B40ED76}.Release|iPhoneSimulator.Build.0 = Release|Any CPU
		{32CE36C8-E314-4106-9D2A-D15F7B40ED76}.Release|x64.ActiveCfg = Release|Any CPU
		{32CE36C8-E314-4106-9D2A-D15F7B40ED76}.Release|x64.Build.0 = Release|Any CPU
		{32CE36C8-E314-4106-9D2A-D15F7B40ED76}.Release|x86.ActiveCfg = Release|Any CPU
		{32CE36C8-E314-4106-9D2A-D15F7B40ED76}.Release|x86.Build.0 = Release|Any CPU
		{A3C25E4A-EAA1-4D01-B13E-0A71935E8F0A}.Debug|Any CPU.ActiveCfg = Debug|x86
		{A3C25E4A-EAA1-4D01-B13E-0A71935E8F0A}.Debug|Any CPU.Build.0 = Debug|x86
		{A3C25E4A-EAA1-4D01-B13E-0A71935E8F0A}.Debug|Any CPU.Deploy.0 = Debug|x86
		{A3C25E4A-EAA1-4D01-B13E-0A71935E8F0A}.Debug|ARM.ActiveCfg = Debug|ARM
		{A3C25E4A-EAA1-4D01-B13E-0A71935E8F0A}.Debug|ARM.Build.0 = Debug|ARM
		{A3C25E4A-EAA1-4D01-B13E-0A71935E8F0A}.Debug|ARM.Deploy.0 = Debug|ARM
		{A3C25E4A-EAA1-4D01-B13E-0A71935E8F0A}.Debug|ARM64.ActiveCfg = Debug|ARM64
		{A3C25E4A-EAA1-4D01-B13E-0A71935E8F0A}.Debug|ARM64.Build.0 = Debug|ARM64
		{A3C25E4A-EAA1-4D01-B13E-0A71935E8F0A}.Debug|ARM64.Deploy.0 = Debug|ARM64
		{A3C25E4A-EAA1-4D01-B13E-0A71935E8F0A}.Debug|iPhone.ActiveCfg = Debug|x86
		{A3C25E4A-EAA1-4D01-B13E-0A71935E8F0A}.Debug|iPhoneSimulator.ActiveCfg = Debug|x86
		{A3C25E4A-EAA1-4D01-B13E-0A71935E8F0A}.Debug|x64.ActiveCfg = Debug|x64
		{A3C25E4A-EAA1-4D01-B13E-0A71935E8F0A}.Debug|x64.Build.0 = Debug|x64
		{A3C25E4A-EAA1-4D01-B13E-0A71935E8F0A}.Debug|x64.Deploy.0 = Debug|x64
		{A3C25E4A-EAA1-4D01-B13E-0A71935E8F0A}.Debug|x86.ActiveCfg = Debug|x86
		{A3C25E4A-EAA1-4D01-B13E-0A71935E8F0A}.Debug|x86.Build.0 = Debug|x86
		{A3C25E4A-EAA1-4D01-B13E-0A71935E8F0A}.Debug|x86.Deploy.0 = Debug|x86
		{A3C25E4A-EAA1-4D01-B13E-0A71935E8F0A}.Release|Any CPU.ActiveCfg = Release|x86
		{A3C25E4A-EAA1-4D01-B13E-0A71935E8F0A}.Release|ARM.ActiveCfg = Release|ARM
		{A3C25E4A-EAA1-4D01-B13E-0A71935E8F0A}.Release|ARM.Build.0 = Release|ARM
		{A3C25E4A-EAA1-4D01-B13E-0A71935E8F0A}.Release|ARM.Deploy.0 = Release|ARM
		{A3C25E4A-EAA1-4D01-B13E-0A71935E8F0A}.Release|ARM64.ActiveCfg = Release|ARM64
		{A3C25E4A-EAA1-4D01-B13E-0A71935E8F0A}.Release|ARM64.Build.0 = Release|ARM64
		{A3C25E4A-EAA1-4D01-B13E-0A71935E8F0A}.Release|ARM64.Deploy.0 = Release|ARM64
		{A3C25E4A-EAA1-4D01-B13E-0A71935E8F0A}.Release|iPhone.ActiveCfg = Release|x86
		{A3C25E4A-EAA1-4D01-B13E-0A71935E8F0A}.Release|iPhoneSimulator.ActiveCfg = Release|x86
		{A3C25E4A-EAA1-4D01-B13E-0A71935E8F0A}.Release|x64.ActiveCfg = Release|x64
		{A3C25E4A-EAA1-4D01-B13E-0A71935E8F0A}.Release|x64.Build.0 = Release|x64
		{A3C25E4A-EAA1-4D01-B13E-0A71935E8F0A}.Release|x64.Deploy.0 = Release|x64
		{A3C25E4A-EAA1-4D01-B13E-0A71935E8F0A}.Release|x86.ActiveCfg = Release|x86
		{A3C25E4A-EAA1-4D01-B13E-0A71935E8F0A}.Release|x86.Build.0 = Release|x86
		{A3C25E4A-EAA1-4D01-B13E-0A71935E8F0A}.Release|x86.Deploy.0 = Release|x86
	EndGlobalSection
	GlobalSection(SolutionProperties) = preSolution
		HideSolutionNode = FALSE
	EndGlobalSection
	GlobalSection(ExtensibilityGlobals) = postSolution
		SolutionGuid = {30DC2646-F6F6-4D4E-915A-A06F301AD43D}
	EndGlobalSection
EndGlobal
